
Microsoft Visual Studio Solution File, Format Version 12.00
# Visual Studio 14
VisualStudioVersion = 14.0.25420.1
MinimumVisualStudioVersion = 10.0.40219.1
Project("{FAE04EC0-301F-11D3-BF4B-00C04F79EFBC}") = "DynamicDateTime", "DynamicDateTime\DynamicDateTime.csproj", "{70F9558E-ADA8-4B28-9B37-61079CF61D98}"
EndProject
Project("{FAE04EC0-301F-11D3-BF4B-00C04F79EFBC}") = "DynamicDateTime.Test", "DynamicDateTime.Test\DynamicDateTime.Test.csproj", "{92E08130-6C22-4AF7-97C7-9BBE70F72A16}"
EndProject
Global
	GlobalSection(SolutionConfigurationPlatforms) = preSolution
		Debug|Any CPU = Debug|Any CPU
		Release|Any CPU = Release|Any CPU
	EndGlobalSection
	GlobalSection(ProjectConfigurationPlatforms) = postSolution
		{70F9558E-ADA8-4B28-9B37-61079CF61D98}.Debug|Any CPU.ActiveCfg = Debug|Any CPU
		{70F9558E-ADA8-4B28-9B37-61079CF61D98}.Debug|Any CPU.Build.0 = Debug|Any CPU
		{70F9558E-ADA8-4B28-9B37-61079CF61D98}.Release|Any CPU.ActiveCfg = Release|Any CPU
		{70F9558E-ADA8-4B28-9B37-61079CF61D98}.Release|Any CPU.Build.0 = Release|Any CPU
		{92E08130-6C22-4AF7-97C7-9BBE70F72A16}.Debug|Any CPU.ActiveCfg = Debug|Any CPU
		{92E08130-6C22-4AF7-97C7-9BBE70F72A16}.Debug|Any CPU.Build.0 = Debug|Any CPU
		{92E08130-6C22-4AF7-97C7-9BBE70F72A16}.Release|Any CPU.ActiveCfg = Release|Any CPU
		{92E08130-6C22-4AF7-97C7-9BBE70F72A16}.Release|Any CPU.Build.0 = Release|Any CPU
	EndGlobalSection
	GlobalSection(SolutionProperties) = preSolution
		HideSolutionNode = FALSE
	EndGlobalSection
EndGlobal
